// !$*UTF8*$!
{
	archiveVersion = 1;
	classes = {
	};
	objectVersion = 50;
	objects = {

/* Begin PBXBuildFile section */
		F2DB4A5F22599FC8006CB619 /* AppDelegate.swift in Sources */ = {isa = PBXBuildFile; fileRef = F2DB4A5E22599FC8006CB619 /* AppDelegate.swift */; };
		F2DB4A6122599FC8006CB619 /* ViewController.swift in Sources */ = {isa = PBXBuildFile; fileRef = F2DB4A6022599FC8006CB619 /* ViewController.swift */; };
		F2DB4A6322599FCA006CB619 /* Assets.xcassets in Resources */ = {isa = PBXBuildFile; fileRef = F2DB4A6222599FCA006CB619 /* Assets.xcassets */; };
		F2DB4A6622599FCA006CB619 /* Main.storyboard in Resources */ = {isa = PBXBuildFile; fileRef = F2DB4A6422599FCA006CB619 /* Main.storyboard */; };
		F2DB4A7222599FCA006CB619 /* EggTimeTests.swift in Sources */ = {isa = PBXBuildFile; fileRef = F2DB4A7122599FCA006CB619 /* EggTimeTests.swift */; };
		F2DB4A7D22599FCA006CB619 /* EggTimeUITests.swift in Sources */ = {isa = PBXBuildFile; fileRef = F2DB4A7C22599FCA006CB619 /* EggTimeUITests.swift */; };
		F2F71987225BAA2F004C7C57 /* PrefsViewController.swift in Sources */ = {isa = PBXBuildFile; fileRef = F2F71986225BAA2F004C7C57 /* PrefsViewController.swift */; };
		F2F7198D225BD21D004C7C57 /* EggTime.swift in Sources */ = {isa = PBXBuildFile; fileRef = F2F7198C225BD21D004C7C57 /* EggTime.swift */; };
/* End PBXBuildFile section */

/* Begin PBXContainerItemProxy section */
		F2DB4A6E22599FCA006CB619 /* PBXContainerItemProxy */ = {
			isa = PBXContainerItemProxy;
			containerPortal = F2DB4A5322599FC8006CB619 /* Project object */;
			proxyType = 1;
			remoteGlobalIDString = F2DB4A5A22599FC8006CB619;
			remoteInfo = EggTime;
		};
		F2DB4A7922599FCA006CB619 /* PBXContainerItemProxy */ = {
			isa = PBXContainerItemProxy;
			containerPortal = F2DB4A5322599FC8006CB619 /* Project object */;
			proxyType = 1;
			remoteGlobalIDString = F2DB4A5A22599FC8006CB619;
			remoteInfo = EggTime;
		};
/* End PBXContainerItemProxy section */

/* Begin PBXFileReference section */
		F2DB4A5B22599FC8006CB619 /* EggTime.app */ = {isa = PBXFileReference; explicitFileType = wrapper.application; includeInIndex = 0; path = EggTime.app; sourceTree = BUILT_PRODUCTS_DIR; };
		F2DB4A5E22599FC8006CB619 /* AppDelegate.swift */ = {isa = PBXFileReference; lastKnownFileType = sourcecode.swift; path = AppDelegate.swift; sourceTree = "<group>"; };
		F2DB4A6022599FC8006CB619 /* ViewController.swift */ = {isa = PBXFileReference; lastKnownFileType = sourcecode.swift; path = ViewController.swift; sourceTree = "<group>"; };
		F2DB4A6222599FCA006CB619 /* Assets.xcassets */ = {isa = PBXFileReference; lastKnownFileType = folder.assetcatalog; path = Assets.xcassets; sourceTree = "<group>"; };
		F2DB4A6522599FCA006CB619 /* Base */ = {isa = PBXFileReference; lastKnownFileType = file.storyboard; name = Base; path = Base.lproj/Main.storyboard; sourceTree = "<group>"; };
		F2DB4A6D22599FCA006CB619 /* EggTimeTests.xctest */ = {isa = PBXFileReference; explicitFileType = wrapper.cfbundle; includeInIndex = 0; path = EggTimeTests.xctest; sourceTree = BUILT_PRODUCTS_DIR; };
		F2DB4A7122599FCA006CB619 /* EggTimeTests.swift */ = {isa = PBXFileReference; lastKnownFileType = sourcecode.swift; path = EggTimeTests.swift; sourceTree = "<group>"; };
		F2DB4A7322599FCA006CB619 /* Info.plist */ = {isa = PBXFileReference; lastKnownFileType = text.plist.xml; path = Info.plist; sourceTree = "<group>"; };
		F2DB4A7822599FCA006CB619 /* EggTimeUITests.xctest */ = {isa = PBXFileReference; explicitFileType = wrapper.cfbundle; includeInIndex = 0; path = EggTimeUITests.xctest; sourceTree = BUILT_PRODUCTS_DIR; };
		F2DB4A7C22599FCA006CB619 /* EggTimeUITests.swift */ = {isa = PBXFileReference; lastKnownFileType = sourcecode.swift; path = EggTimeUITests.swift; sourceTree = "<group>"; };
		F2DB4A7E22599FCA006CB619 /* Info.plist */ = {isa = PBXFileReference; lastKnownFileType = text.plist.xml; path = Info.plist; sourceTree = "<group>"; };
		F2F71986225BAA2F004C7C57 /* PrefsViewController.swift */ = {isa = PBXFileReference; lastKnownFileType = sourcecode.swift; path = PrefsViewController.swift; sourceTree = "<group>"; };
		F2F7198C225BD21D004C7C57 /* EggTime.swift */ = {isa = PBXFileReference; lastKnownFileType = sourcecode.swift; path = EggTime.swift; sourceTree = "<group>"; };
		F2F7198E225BEC92004C7C57 /* EggTime.entitlements */ = {isa = PBXFileReference; lastKnownFileType = text.plist.entitlements; path = EggTime.entitlements; sourceTree = "<group>"; };
		F2F7198F225BEC95004C7C57 /* Info.plist */ = {isa = PBXFileReference; lastKnownFileType = text.plist.xml; path = Info.plist; sourceTree = "<group>"; };
/* End PBXFileReference section */

/* Begin PBXFrameworksBuildPhase section */
		F2DB4A5822599FC8006CB619 /* Frameworks */ = {
			isa = PBXFrameworksBuildPhase;
			buildActionMask = 2147483647;
			files = (
			);
			runOnlyForDeploymentPostprocessing = 0;
		};
		F2DB4A6A22599FCA006CB619 /* Frameworks */ = {
			isa = PBXFrameworksBuildPhase;
			buildActionMask = 2147483647;
			files = (
			);
			runOnlyForDeploymentPostprocessing = 0;
		};
		F2DB4A7522599FCA006CB619 /* Frameworks */ = {
			isa = PBXFrameworksBuildPhase;
			buildActionMask = 2147483647;
			files = (
			);
			runOnlyForDeploymentPostprocessing = 0;
		};
/* End PBXFrameworksBuildPhase section */

/* Begin PBXGroup section */
		F2DB4A5222599FC8006CB619 = {
			isa = PBXGroup;
			children = (
				F2DB4A5D22599FC8006CB619 /* EggTime */,
				F2DB4A7022599FCA006CB619 /* EggTimeTests */,
				F2DB4A7B22599FCA006CB619 /* EggTimeUITests */,
				F2DB4A5C22599FC8006CB619 /* Products */,
			);
			sourceTree = "<group>";
		};
		F2DB4A5C22599FC8006CB619 /* Products */ = {
			isa = PBXGroup;
			children = (
				F2DB4A5B22599FC8006CB619 /* EggTime.app */,
				F2DB4A6D22599FCA006CB619 /* EggTimeTests.xctest */,
				F2DB4A7822599FCA006CB619 /* EggTimeUITests.xctest */,
			);
			name = Products;
			sourceTree = "<group>";
		};
		F2DB4A5D22599FC8006CB619 /* EggTime */ = {
			isa = PBXGroup;
			children = (
				F2F7198A225BCEC6004C7C57 /* Model */,
				F2DB4A5E22599FC8006CB619 /* AppDelegate.swift */,
				F2F71989225BCE3F004C7C57 /* View Controllers */,
				F2DB4A6222599FCA006CB619 /* Assets.xcassets */,
				F2DB4A6422599FCA006CB619 /* Main.storyboard */,
				F2F7198E225BEC92004C7C57 /* EggTime.entitlements */,
				F2F7198F225BEC95004C7C57 /* Info.plist */,
			);
			path = EggTime;
			sourceTree = "<group>";
		};
		F2DB4A7022599FCA006CB619 /* EggTimeTests */ = {
			isa = PBXGroup;
			children = (
				F2DB4A7122599FCA006CB619 /* EggTimeTests.swift */,
				F2DB4A7322599FCA006CB619 /* Info.plist */,
			);
			path = EggTimeTests;
			sourceTree = "<group>";
		};
		F2DB4A7B22599FCA006CB619 /* EggTimeUITests */ = {
			isa = PBXGroup;
			children = (
				F2DB4A7C22599FCA006CB619 /* EggTimeUITests.swift */,
				F2DB4A7E22599FCA006CB619 /* Info.plist */,
			);
			path = EggTimeUITests;
			sourceTree = "<group>";
		};
		F2F71989225BCE3F004C7C57 /* View Controllers */ = {
			isa = PBXGroup;
			children = (
				F2DB4A6022599FC8006CB619 /* ViewController.swift */,
				F2F71986225BAA2F004C7C57 /* PrefsViewController.swift */,
			);
			path = "View Controllers";
			sourceTree = "<group>";
		};
		F2F7198A225BCEC6004C7C57 /* Model */ = {
			isa = PBXGroup;
			children = (
				F2F7198C225BD21D004C7C57 /* EggTime.swift */,
			);
			path = Model;
			sourceTree = "<group>";
		};
/* End PBXGroup section */

/* Begin PBXNativeTarget section */
		F2DB4A5A22599FC8006CB619 /* EggTime */ = {
			isa = PBXNativeTarget;
			buildConfigurationList = F2DB4A8122599FCA006CB619 /* Build configuration list for PBXNativeTarget "EggTime" */;
			buildPhases = (
				F2DB4A5722599FC8006CB619 /* Sources */,
				F2DB4A5822599FC8006CB619 /* Frameworks */,
				F2DB4A5922599FC8006CB619 /* Resources */,
			);
			buildRules = (
			);
			dependencies = (
			);
			name = EggTime;
			productName = EggTime;
			productReference = F2DB4A5B22599FC8006CB619 /* EggTime.app */;
			productType = "com.apple.product-type.application";
		};
		F2DB4A6C22599FCA006CB619 /* EggTimeTests */ = {
			isa = PBXNativeTarget;
			buildConfigurationList = F2DB4A8422599FCA006CB619 /* Build configuration list for PBXNativeTarget "EggTimeTests" */;
			buildPhases = (
				F2DB4A6922599FCA006CB619 /* Sources */,
				F2DB4A6A22599FCA006CB619 /* Frameworks */,
				F2DB4A6B22599FCA006CB619 /* Resources */,
			);
			buildRules = (
			);
			dependencies = (
				F2DB4A6F22599FCA006CB619 /* PBXTargetDependency */,
			);
			name = EggTimeTests;
			productName = EggTimeTests;
			productReference = F2DB4A6D22599FCA006CB619 /* EggTimeTests.xctest */;
			productType = "com.apple.product-type.bundle.unit-test";
		};
		F2DB4A7722599FCA006CB619 /* EggTimeUITests */ = {
			isa = PBXNativeTarget;
			buildConfigurationList = F2DB4A8722599FCA006CB619 /* Build configuration list for PBXNativeTarget "EggTimeUITests" */;
			buildPhases = (
				F2DB4A7422599FCA006CB619 /* Sources */,
				F2DB4A7522599FCA006CB619 /* Frameworks */,
				F2DB4A7622599FCA006CB619 /* Resources */,
			);
			buildRules = (
			);
			dependencies = (
				F2DB4A7A22599FCA006CB619 /* PBXTargetDependency */,
			);
			name = EggTimeUITests;
			productName = EggTimeUITests;
			productReference = F2DB4A7822599FCA006CB619 /* EggTimeUITests.xctest */;
			productType = "com.apple.product-type.bundle.ui-testing";
		};
/* End PBXNativeTarget section */

/* Begin PBXProject section */
		F2DB4A5322599FC8006CB619 /* Project object */ = {
			isa = PBXProject;
			attributes = {
				LastSwiftUpdateCheck = 1020;
				LastUpgradeCheck = 1020;
				ORGANIZATIONNAME = "Gabriel Betancourt";
				TargetAttributes = {
					F2DB4A5A22599FC8006CB619 = {
						CreatedOnToolsVersion = 10.2;
					};
					F2DB4A6C22599FCA006CB619 = {
						CreatedOnToolsVersion = 10.2;
						TestTargetID = F2DB4A5A22599FC8006CB619;
					};
					F2DB4A7722599FCA006CB619 = {
						CreatedOnToolsVersion = 10.2;
						TestTargetID = F2DB4A5A22599FC8006CB619;
					};
				};
			};
			buildConfigurationList = F2DB4A5622599FC8006CB619 /* Build configuration list for PBXProject "EggTime" */;
			compatibilityVersion = "Xcode 9.3";
			developmentRegion = en;
			hasScannedForEncodings = 0;
			knownRegions = (
				en,
				Base,
			);
			mainGroup = F2DB4A5222599FC8006CB619;
			productRefGroup = F2DB4A5C22599FC8006CB619 /* Products */;
			projectDirPath = "";
			projectRoot = "";
			targets = (
				F2DB4A5A22599FC8006CB619 /* EggTime */,
				F2DB4A6C22599FCA006CB619 /* EggTimeTests */,
				F2DB4A7722599FCA006CB619 /* EggTimeUITests */,
			);
		};
/* End PBXProject section */

/* Begin PBXResourcesBuildPhase section */
		F2DB4A5922599FC8006CB619 /* Resources */ = {
			isa = PBXResourcesBuildPhase;
			buildActionMask = 2147483647;
			files = (
				F2DB4A6322599FCA006CB619 /* Assets.xcassets in Resources */,
				F2DB4A6622599FCA006CB619 /* Main.storyboard in Resources */,
			);
			runOnlyForDeploymentPostprocessing = 0;
		};
		F2DB4A6B22599FCA006CB619 /* Resources */ = {
			isa = PBXResourcesBuildPhase;
			buildActionMask = 2147483647;
			files = (
			);
			runOnlyForDeploymentPostprocessing = 0;
		};
		F2DB4A7622599FCA006CB619 /* Resources */ = {
			isa = PBXResourcesBuildPhase;
			buildActionMask = 2147483647;
			files = (
			);
			runOnlyForDeploymentPostprocessing = 0;
		};
/* End PBXResourcesBuildPhase section */

/* Begin PBXSourcesBuildPhase section */
		F2DB4A5722599FC8006CB619 /* Sources */ = {
			isa = PBXSourcesBuildPhase;
			buildActionMask = 2147483647;
			files = (
				F2DB4A6122599FC8006CB619 /* ViewController.swift in Sources */,
				F2F71987225BAA2F004C7C57 /* PrefsViewController.swift in Sources */,
				F2F7198D225BD21D004C7C57 /* EggTime.swift in Sources */,
				F2DB4A5F22599FC8006CB619 /* AppDelegate.swift in Sources */,
			);
			runOnlyForDeploymentPostprocessing = 0;
		};
		F2DB4A6922599FCA006CB619 /* Sources */ = {
			isa = PBXSourcesBuildPhase;
			buildActionMask = 2147483647;
			files = (
				F2DB4A7222599FCA006CB619 /* EggTimeTests.swift in Sources */,
			);
			runOnlyForDeploymentPostprocessing = 0;
		};
		F2DB4A7422599FCA006CB619 /* Sources */ = {
			isa = PBXSourcesBuildPhase;
			buildActionMask = 2147483647;
			files = (
				F2DB4A7D22599FCA006CB619 /* EggTimeUITests.swift in Sources */,
			);
			runOnlyForDeploymentPostprocessing = 0;
		};
/* End PBXSourcesBuildPhase section */

/* Begin PBXTargetDependency section */
		F2DB4A6F22599FCA006CB619 /* PBXTargetDependency */ = {
			isa = PBXTargetDependency;
			target = F2DB4A5A22599FC8006CB619 /* EggTime */;
			targetProxy = F2DB4A6E22599FCA006CB619 /* PBXContainerItemProxy */;
		};
		F2DB4A7A22599FCA006CB619 /* PBXTargetDependency */ = {
			isa = PBXTargetDependency;
			target = F2DB4A5A22599FC8006CB619 /* EggTime */;
			targetProxy = F2DB4A7922599FCA006CB619 /* PBXContainerItemProxy */;
		};
/* End PBXTargetDependency section */

/* Begin PBXVariantGroup section */
		F2DB4A6422599FCA006CB619 /* Main.storyboard */ = {
			isa = PBXVariantGroup;
			children = (
				F2DB4A6522599FCA006CB619 /* Base */,
			);
			name = Main.storyboard;
			sourceTree = "<group>";
		};
/* End PBXVariantGroup section */

/* Begin XCBuildConfiguration section */
		F2DB4A7F22599FCA006CB619 /* Debug */ = {
			isa = XCBuildConfiguration;
			buildSettings = {
				ALWAYS_SEARCH_USER_PATHS = NO;
				CLANG_ANALYZER_NONNULL = YES;
				CLANG_ANALYZER_NUMBER_OBJECT_CONVERSION = YES_AGGRESSIVE;
				CLANG_CXX_LANGUAGE_STANDARD = "gnu++14";
				CLANG_CXX_LIBRARY = "libc++";
				CLANG_ENABLE_MODULES = YES;
				CLANG_ENABLE_OBJC_ARC = YES;
				CLANG_ENABLE_OBJC_WEAK = YES;
				CLANG_WARN_BLOCK_CAPTURE_AUTORELEASING = YES;
				CLANG_WARN_BOOL_CONVERSION = YES;
				CLANG_WARN_COMMA = YES;
				CLANG_WARN_CONSTANT_CONVERSION = YES;
				CLANG_WARN_DEPRECATED_OBJC_IMPLEMENTATIONS = YES;
				CLANG_WARN_DIRECT_OBJC_ISA_USAGE = YES_ERROR;
				CLANG_WARN_DOCUMENTATION_COMMENTS = YES;
				CLANG_WARN_EMPTY_BODY = YES;
				CLANG_WARN_ENUM_CONVERSION = YES;
				CLANG_WARN_INFINITE_RECURSION = YES;
				CLANG_WARN_INT_CONVERSION = YES;
				CLANG_WARN_NON_LITERAL_NULL_CONVERSION = YES;
				CLANG_WARN_OBJC_IMPLICIT_RETAIN_SELF = YES;
				CLANG_WARN_OBJC_LITERAL_CONVERSION = YES;
				CLANG_WARN_OBJC_ROOT_CLASS = YES_ERROR;
				CLANG_WARN_RANGE_LOOP_ANALYSIS = YES;
				CLANG_WARN_STRICT_PROTOTYPES = YES;
				CLANG_WARN_SUSPICIOUS_MOVE = YES;
				CLANG_WARN_UNGUARDED_AVAILABILITY = YES_AGGRESSIVE;
				CLANG_WARN_UNREACHABLE_CODE = YES;
				CLANG_WARN__DUPLICATE_METHOD_MATCH = YES;
				CODE_SIGN_IDENTITY = "Mac Developer";
				COPY_PHASE_STRIP = NO;
				DEBUG_INFORMATION_FORMAT = dwarf;
				ENABLE_STRICT_OBJC_MSGSEND = YES;
				ENABLE_TESTABILITY = YES;
				GCC_C_LANGUAGE_STANDARD = gnu11;
				GCC_DYNAMIC_NO_PIC = NO;
				GCC_NO_COMMON_BLOCKS = YES;
				GCC_OPTIMIZATION_LEVEL = 0;
				GCC_PREPROCESSOR_DEFINITIONS = (
					"DEBUG=1",
					"$(inherited)",
				);
				GCC_WARN_64_TO_32_BIT_CONVERSION = YES;
				GCC_WARN_ABOUT_RETURN_TYPE = YES_ERROR;
				GCC_WARN_UNDECLARED_SELECTOR = YES;
				GCC_WARN_UNINITIALIZED_AUTOS = YES_AGGRESSIVE;
				GCC_WARN_UNUSED_FUNCTION = YES;
				GCC_WARN_UNUSED_VARIABLE = YES;
				MACOSX_DEPLOYMENT_TARGET = 10.14;
				MTL_ENABLE_DEBUG_INFO = INCLUDE_SOURCE;
				MTL_FAST_MATH = YES;
				ONLY_ACTIVE_ARCH = YES;
				SDKROOT = macosx;
				SWIFT_ACTIVE_COMPILATION_CONDITIONS = DEBUG;
				SWIFT_OPTIMIZATION_LEVEL = "-Onone";
			};
			name = Debug;
		};
		F2DB4A8022599FCA006CB619 /* Release */ = {
			isa = XCBuildConfiguration;
			buildSettings = {
				ALWAYS_SEARCH_USER_PATHS = NO;
				CLANG_ANALYZER_NONNULL = YES;
				CLANG_ANALYZER_NUMBER_OBJECT_CONVERSION = YES_AGGRESSIVE;
				CLANG_CXX_LANGUAGE_STANDARD = "gnu++14";
				CLANG_CXX_LIBRARY = "libc++";
				CLANG_ENABLE_MODULES = YES;
				CLANG_ENABLE_OBJC_ARC = YES;
				CLANG_ENABLE_OBJC_WEAK = YES;
				CLANG_WARN_BLOCK_CAPTURE_AUTORELEASING = YES;
				CLANG_WARN_BOOL_CONVERSION = YES;
				CLANG_WARN_COMMA = YES;
				CLANG_WARN_CONSTANT_CONVERSION = YES;
				CLANG_WARN_DEPRECATED_OBJC_IMPLEMENTATIONS = YES;
				CLANG_WARN_DIRECT_OBJC_ISA_USAGE = YES_ERROR;
				CLANG_WARN_DOCUMENTATION_COMMENTS = YES;
				CLANG_WARN_EMPTY_BODY = YES;
				CLANG_WARN_ENUM_CONVERSION = YES;
				CLANG_WARN_INFINITE_RECURSION = YES;
				CLANG_WARN_INT_CONVERSION = YES;
				CLANG_WARN_NON_LITERAL_NULL_CONVERSION = YES;
				CLANG_WARN_OBJC_IMPLICIT_RETAIN_SELF = YES;
				CLANG_WARN_OBJC_LITERAL_CONVERSION = YES;
				CLANG_WARN_OBJC_ROOT_CLASS = YES_ERROR;
				CLANG_WARN_RANGE_LOOP_ANALYSIS = YES;
				CLANG_WARN_STRICT_PROTOTYPES = YES;
				CLANG_WARN_SUSPICIOUS_MOVE = YES;
				CLANG_WARN_UNGUARDED_AVAILABILITY = YES_AGGRESSIVE;
				CLANG_WARN_UNREACHABLE_CODE = YES;
				CLANG_WARN__DUPLICATE_METHOD_MATCH = YES;
				CODE_SIGN_IDENTITY = "Mac Developer";
				COPY_PHASE_STRIP = NO;
				DEBUG_INFORMATION_FORMAT = "dwarf-with-dsym";
				ENABLE_NS_ASSERTIONS = NO;
				ENABLE_STRICT_OBJC_MSGSEND = YES;
				GCC_C_LANGUAGE_STANDARD = gnu11;
				GCC_NO_COMMON_BLOCKS = YES;
				GCC_WARN_64_TO_32_BIT_CONVERSION = YES;
				GCC_WARN_ABOUT_RETURN_TYPE = YES_ERROR;
				GCC_WARN_UNDECLARED_SELECTOR = YES;
				GCC_WARN_UNINITIALIZED_AUTOS = YES_AGGRESSIVE;
				GCC_WARN_UNUSED_FUNCTION = YES;
				GCC_WARN_UNUSED_VARIABLE = YES;
				MACOSX_DEPLOYMENT_TARGET = 10.14;
				MTL_ENABLE_DEBUG_INFO = NO;
				MTL_FAST_MATH = YES;
				SDKROOT = macosx;
				SWIFT_COMPILATION_MODE = wholemodule;
				SWIFT_OPTIMIZATION_LEVEL = "-O";
			};
			name = Release;
		};
		F2DB4A8222599FCA006CB619 /* Debug */ = {
			isa = XCBuildConfiguration;
			buildSettings = {
				ASSETCATALOG_COMPILER_APPICON_NAME = AppIcon;
				CODE_SIGN_ENTITLEMENTS = EggTime/EggTime.entitlements;
				CODE_SIGN_STYLE = Automatic;
				COMBINE_HIDPI_IMAGES = YES;
				DEVELOPMENT_TEAM = DJ3X3ADRG5;
				INFOPLIST_FILE = EggTime/Info.plist;
				LD_RUNPATH_SEARCH_PATHS = (
					"$(inherited)",
					"@executable_path/../Frameworks",
				);
				PRODUCT_BUNDLE_IDENTIFIER = com.gabriel.EggTime;
				PRODUCT_NAME = "$(TARGET_NAME)";
				SWIFT_VERSION = 5.0;
			};
			name = Debug;
		};
		F2DB4A8322599FCA006CB619 /* Release */ = {
			isa = XCBuildConfiguration;
			buildSettings = {
				ASSETCATALOG_COMPILER_APPICON_NAME = AppIcon;
				CODE_SIGN_ENTITLEMENTS = EggTime/EggTime.entitlements;
				CODE_SIGN_STYLE = Automatic;
				COMBINE_HIDPI_IMAGES = YES;
				DEVELOPMENT_TEAM = DJ3X3ADRG5;
				INFOPLIST_FILE = EggTime/Info.plist;
				LD_RUNPATH_SEARCH_PATHS = (
					"$(inherited)",
					"@executable_path/../Frameworks",
				);
				PRODUCT_BUNDLE_IDENTIFIER = com.gabriel.EggTime;
				PRODUCT_NAME = "$(TARGET_NAME)";
				SWIFT_VERSION = 5.0;
			};
			name = Release;
		};
		F2DB4A8522599FCA006CB619 /* Debug */ = {
			isa = XCBuildConfiguration;
			buildSettings = {
				ALWAYS_EMBED_SWIFT_STANDARD_LIBRARIES = YES;
				BUNDLE_LOADER = "$(TEST_HOST)";
				CODE_SIGN_STYLE = Automatic;
				COMBINE_HIDPI_IMAGES = YES;
				DEVELOPMENT_TEAM = DJ3X3ADRG5;
				INFOPLIST_FILE = EggTimeTests/Info.plist;
				LD_RUNPATH_SEARCH_PATHS = (
					"$(inherited)",
					"@executable_path/../Frameworks",
					"@loader_path/../Frameworks",
				);
				PRODUCT_BUNDLE_IDENTIFIER = com.gabriel.EggTimeTests;
				PRODUCT_NAME = "$(TARGET_NAME)";
				SWIFT_VERSION = 5.0;
				TEST_HOST = "$(BUILT_PRODUCTS_DIR)/EggTime.app/Contents/MacOS/EggTime";
			};
			name = Debug;
		};
		F2DB4A8622599FCA006CB619 /* Release */ = {
			isa = XCBuildConfiguration;
			buildSettings = {
				ALWAYS_EMBED_SWIFT_STANDARD_LIBRARIES = YES;
				BUNDLE_LOADER = "$(TEST_HOST)";
				CODE_SIGN_STYLE = Automatic;
				COMBINE_HIDPI_IMAGES = YES;
				DEVELOPMENT_TEAM = DJ3X3ADRG5;
				INFOPLIST_FILE = EggTimeTests/Info.plist;
				LD_RUNPATH_SEARCH_PATHS = (
					"$(inherited)",
					"@executable_path/../Frameworks",
					"@loader_path/../Frameworks",
				);
				PRODUCT_BUNDLE_IDENTIFIER = com.gabriel.EggTimeTests;
				PRODUCT_NAME = "$(TARGET_NAME)";
				SWIFT_VERSION = 5.0;
				TEST_HOST = "$(BUILT_PRODUCTS_DIR)/EggTime.app/Contents/MacOS/EggTime";
			};
			name = Release;
		};
		F2DB4A8822599FCA006CB619 /* Debug */ = {
			isa = XCBuildConfiguration;
			buildSettings = {
				ALWAYS_EMBED_SWIFT_STANDARD_LIBRARIES = YES;
				CODE_SIGN_STYLE = Automatic;
				COMBINE_HIDPI_IMAGES = YES;
				DEVELOPMENT_TEAM = DJ3X3ADRG5;
				INFOPLIST_FILE = EggTimeUITests/Info.plist;
				LD_RUNPATH_SEARCH_PATHS = (
					"$(inherited)",
					"@executable_path/../Frameworks",
					"@loader_path/../Frameworks",
				);
				PRODUCT_BUNDLE_IDENTIFIER = com.gabriel.EggTimeUITests;
				PRODUCT_NAME = "$(TARGET_NAME)";
				SWIFT_VERSION = 5.0;
				TEST_TARGET_NAME = EggTime;
			};
			name = Debug;
		};
		F2DB4A8922599FCA006CB619 /* Release */ = {
			isa = XCBuildConfiguration;
			buildSettings = {
				ALWAYS_EMBED_SWIFT_STANDARD_LIBRARIES = YES;
				CODE_SIGN_STYLE = Automatic;
				COMBINE_HIDPI_IMAGES = YES;
				DEVELOPMENT_TEAM = DJ3X3ADRG5;
				INFOPLIST_FILE = EggTimeUITests/Info.plist;
				LD_RUNPATH_SEARCH_PATHS = (
					"$(inherited)",
					"@executable_path/../Frameworks",
					"@loader_path/../Frameworks",
				);
				PRODUCT_BUNDLE_IDENTIFIER = com.gabriel.EggTimeUITests;
				PRODUCT_NAME = "$(TARGET_NAME)";
				SWIFT_VERSION = 5.0;
				TEST_TARGET_NAME = EggTime;
			};
			name = Release;
		};
/* End XCBuildConfiguration section */

/* Begin XCConfigurationList section */
		F2DB4A5622599FC8006CB619 /* Build configuration list for PBXProject "EggTime" */ = {
			isa = XCConfigurationList;
			buildConfigurations = (
				F2DB4A7F22599FCA006CB619 /* Debug */,
				F2DB4A8022599FCA006CB619 /* Release */,
			);
			defaultConfigurationIsVisible = 0;
			defaultConfigurationName = Release;
		};
		F2DB4A8122599FCA006CB619 /* Build configuration list for PBXNativeTarget "EggTime" */ = {
			isa = XCConfigurationList;
			buildConfigurations = (
				F2DB4A8222599FCA006CB619 /* Debug */,
				F2DB4A8322599FCA006CB619 /* Release */,
			);
			defaultConfigurationIsVisible = 0;
			defaultConfigurationName = Release;
		};
		F2DB4A8422599FCA006CB619 /* Build configuration list for PBXNativeTarget "EggTimeTests" */ = {
			isa = XCConfigurationList;
			buildConfigurations = (
				F2DB4A8522599FCA006CB619 /* Debug */,
				F2DB4A8622599FCA006CB619 /* Release */,
			);
			defaultConfigurationIsVisible = 0;
			defaultConfigurationName = Release;
		};
		F2DB4A8722599FCA006CB619 /* Build configuration list for PBXNativeTarget "EggTimeUITests" */ = {
			isa = XCConfigurationList;
			buildConfigurations = (
				F2DB4A8822599FCA006CB619 /* Debug */,
				F2DB4A8922599FCA006CB619 /* Release */,
			);
			defaultConfigurationIsVisible = 0;
			defaultConfigurationName = Release;
		};
/* End XCConfigurationList section */
	};
	rootObject = F2DB4A5322599FC8006CB619 /* Project object */;
}
